
Microsoft Visual Studio Solution File, Format Version 12.00
# Visual Studio Version 17
VisualStudioVersion = 17.7.34009.444
MinimumVisualStudioVersion = 10.0.40219.1
Project("{9A19103F-16F7-4668-BE54-9A1E7A4F7556}") = "DesignPatterns", "DesignPatterns.csproj", "{8128C366-E04F-4AD8-889A-5ECE98602EF8}"
EndProject
Project("{9A19103F-16F7-4668-BE54-9A1E7A4F7556}") = "Builder", "Builder\Builder.csproj", "{BDCA5AB3-A0EF-4BA4-A261-9CDB1F25E8CE}"
EndProject
Project("{9A19103F-16F7-4668-BE54-9A1E7A4F7556}") = "Factory", "Factory\Factory.csproj", "{294257D0-F2A3-462E-BFA3-156F56AD2594}"
EndProject
Project("{9A19103F-16F7-4668-BE54-9A1E7A4F7556}") = "Adapter", "Adapter\Adapter.csproj", "{A81A9276-C8A4-4386-8559-CC03C1EEDBF4}"
EndProject
Project("{9A19103F-16F7-4668-BE54-9A1E7A4F7556}") = "Bridge", "Bridge\Bridge.csproj", "{EA6D8804-2CCE-44EE-9DCB-C062A3448F94}"
EndProject
Project("{9A19103F-16F7-4668-BE54-9A1E7A4F7556}") = "Composite", "Composite\Composite.csproj", "{54C014F7-7252-4DA3-B0CE-20A8C36150E0}"
EndProject
Project("{9A19103F-16F7-4668-BE54-9A1E7A4F7556}") = "Decorator", "Decorator\Decorator.csproj", "{C9BF7136-6347-4236-88DF-05621A24C18E}"
EndProject
Project("{9A19103F-16F7-4668-BE54-9A1E7A4F7556}") = "Facade", "Facade\Facade.csproj", "{967158AC-31C3-4291-A951-B42E6671C8BA}"
EndProject
Project("{9A19103F-16F7-4668-BE54-9A1E7A4F7556}") = "Proxy", "Proxy\Proxy.csproj", "{3EF1590D-7316-4FA5-B7D6-A03F1D0DE6D6}"
EndProject
Project("{FAE04EC0-301F-11D3-BF4B-00C04F79EFBC}") = "ChainOfResponsability", "ChainOfResponsability\ChainOfResponsability.csproj", "{3BABA4A5-A9B6-42E7-8619-944AB1405C31}"
EndProject
Project("{FAE04EC0-301F-11D3-BF4B-00C04F79EFBC}") = "Mediator", "Mediator\Mediator.csproj", "{9DE91F79-41A9-4194-B003-E88496F844E6}"
EndProject
Global
	GlobalSection(SolutionConfigurationPlatforms) = preSolution
		Debug|Any CPU = Debug|Any CPU
		Release|Any CPU = Release|Any CPU
	EndGlobalSection
	GlobalSection(ProjectConfigurationPlatforms) = postSolution
		{8128C366-E04F-4AD8-889A-5ECE98602EF8}.Debug|Any CPU.ActiveCfg = Debug|Any CPU
		{8128C366-E04F-4AD8-889A-5ECE98602EF8}.Debug|Any CPU.Build.0 = Debug|Any CPU
		{8128C366-E04F-4AD8-889A-5ECE98602EF8}.Release|Any CPU.ActiveCfg = Release|Any CPU
		{8128C366-E04F-4AD8-889A-5ECE98602EF8}.Release|Any CPU.Build.0 = Release|Any CPU
		{BDCA5AB3-A0EF-4BA4-A261-9CDB1F25E8CE}.Debug|Any CPU.ActiveCfg = Debug|Any CPU
		{BDCA5AB3-A0EF-4BA4-A261-9CDB1F25E8CE}.Debug|Any CPU.Build.0 = Debug|Any CPU
		{BDCA5AB3-A0EF-4BA4-A261-9CDB1F25E8CE}.Release|Any CPU.ActiveCfg = Release|Any CPU
		{BDCA5AB3-A0EF-4BA4-A261-9CDB1F25E8CE}.Release|Any CPU.Build.0 = Release|Any CPU
		{294257D0-F2A3-462E-BFA3-156F56AD2594}.Debug|Any CPU.ActiveCfg = Debug|Any CPU
		{294257D0-F2A3-462E-BFA3-156F56AD2594}.Debug|Any CPU.Build.0 = Debug|Any CPU
		{294257D0-F2A3-462E-BFA3-156F56AD2594}.Release|Any CPU.ActiveCfg = Release|Any CPU
		{294257D0-F2A3-462E-BFA3-156F56AD2594}.Release|Any CPU.Build.0 = Release|Any CPU
		{A81A9276-C8A4-4386-8559-CC03C1EEDBF4}.Debug|Any CPU.ActiveCfg = Debug|Any CPU
		{A81A9276-C8A4-4386-8559-CC03C1EEDBF4}.Debug|Any CPU.Build.0 = Debug|Any CPU
		{A81A9276-C8A4-4386-8559-CC03C1EEDBF4}.Release|Any CPU.ActiveCfg = Release|Any CPU
		{A81A9276-C8A4-4386-8559-CC03C1EEDBF4}.Release|Any CPU.Build.0 = Release|Any CPU
		{EA6D8804-2CCE-44EE-9DCB-C062A3448F94}.Debug|Any CPU.ActiveCfg = Debug|Any CPU
		{EA6D8804-2CCE-44EE-9DCB-C062A3448F94}.Debug|Any CPU.Build.0 = Debug|Any CPU
		{EA6D8804-2CCE-44EE-9DCB-C062A3448F94}.Release|Any CPU.ActiveCfg = Release|Any CPU
		{EA6D8804-2CCE-44EE-9DCB-C062A3448F94}.Release|Any CPU.Build.0 = Release|Any CPU
		{54C014F7-7252-4DA3-B0CE-20A8C36150E0}.Debug|Any CPU.ActiveCfg = Debug|Any CPU
		{54C014F7-7252-4DA3-B0CE-20A8C36150E0}.Debug|Any CPU.Build.0 = Debug|Any CPU
		{54C014F7-7252-4DA3-B0CE-20A8C36150E0}.Release|Any CPU.ActiveCfg = Release|Any CPU
		{54C014F7-7252-4DA3-B0CE-20A8C36150E0}.Release|Any CPU.Build.0 = Release|Any CPU
		{C9BF7136-6347-4236-88DF-05621A24C18E}.Debug|Any CPU.ActiveCfg = Debug|Any CPU
		{C9BF7136-6347-4236-88DF-05621A24C18E}.Debug|Any CPU.Build.0 = Debug|Any CPU
		{C9BF7136-6347-4236-88DF-05621A24C18E}.Release|Any CPU.ActiveCfg = Release|Any CPU
		{C9BF7136-6347-4236-88DF-05621A24C18E}.Release|Any CPU.Build.0 = Release|Any CPU
		{967158AC-31C3-4291-A951-B42E6671C8BA}.Debug|Any CPU.ActiveCfg = Debug|Any CPU
		{967158AC-31C3-4291-A951-B42E6671C8BA}.Debug|Any CPU.Build.0 = Debug|Any CPU
		{967158AC-31C3-4291-A951-B42E6671C8BA}.Release|Any CPU.ActiveCfg = Release|Any CPU
		{967158AC-31C3-4291-A951-B42E6671C8BA}.Release|Any CPU.Build.0 = Release|Any CPU
		{3EF1590D-7316-4FA5-B7D6-A03F1D0DE6D6}.Debug|Any CPU.ActiveCfg = Debug|Any CPU
		{3EF1590D-7316-4FA5-B7D6-A03F1D0DE6D6}.Debug|Any CPU.Build.0 = Debug|Any CPU
		{3EF1590D-7316-4FA5-B7D6-A03F1D0DE6D6}.Release|Any CPU.ActiveCfg = Release|Any CPU
		{3EF1590D-7316-4FA5-B7D6-A03F1D0DE6D6}.Release|Any CPU.Build.0 = Release|Any CPU
		{3BABA4A5-A9B6-42E7-8619-944AB1405C31}.Debug|Any CPU.ActiveCfg = Debug|Any CPU
		{3BABA4A5-A9B6-42E7-8619-944AB1405C31}.Debug|Any CPU.Build.0 = Debug|Any CPU
		{3BABA4A5-A9B6-42E7-8619-944AB1405C31}.Release|Any CPU.ActiveCfg = Release|Any CPU
		{3BABA4A5-A9B6-42E7-8619-944AB1405C31}.Release|Any CPU.Build.0 = Release|Any CPU
		{9DE91F79-41A9-4194-B003-E88496F844E6}.Debug|Any CPU.ActiveCfg = Debug|Any CPU
		{9DE91F79-41A9-4194-B003-E88496F844E6}.Debug|Any CPU.Build.0 = Debug|Any CPU
		{9DE91F79-41A9-4194-B003-E88496F844E6}.Release|Any CPU.ActiveCfg = Release|Any CPU
		{9DE91F79-41A9-4194-B003-E88496F844E6}.Release|Any CPU.Build.0 = Release|Any CPU
	EndGlobalSection
	GlobalSection(SolutionProperties) = preSolution
		HideSolutionNode = FALSE
	EndGlobalSection
	GlobalSection(ExtensibilityGlobals) = postSolution
		SolutionGuid = {4B4B4C50-A925-4566-857D-120923602F4A}
	EndGlobalSection
EndGlobal
